{
  "name": "riftri",
  "version": "0.1.0",
  "lockfileVersion": 3,
  "requires": true,
  "packages": {
    "": {
      "name": "riftri",
      "version": "0.1.0",
      "license": "MIT",
      "bin": {
        "riftri": "package/bin/riftri.js"
      },
      "engines": {
        "node": ">=18.18"
      },
      "optionalDependencies": {
        "riftri-darwin-arm64": "file:package/platforms/riftri-darwin-arm64",
        "riftri-darwin-x64": "file:package/platforms/riftri-darwin-x64",
        "riftri-linux-arm64-gnu": "file:package/platforms/riftri-linux-arm64-gnu",
        "riftri-linux-x64-gnu": "file:package/platforms/riftri-linux-x64-gnu",
        "riftri-win32-arm64": "file:package/platforms/riftri-win32-arm64",
        "riftri-win32-x64": "file:package/platforms/riftri-win32-x64"
      }
    },
    "node_modules/riftri-darwin-arm64": {
      "resolved": "package/platforms/riftri-darwin-arm64",
      "link": true
    },
    "node_modules/riftri-darwin-x64": {
      "resolved": "package/platforms/riftri-darwin-x64",
      "link": true
    },
    "node_modules/riftri-linux-arm64-gnu": {
      "resolved": "package/platforms/riftri-linux-arm64-gnu",
      "link": true
    },
    "node_modules/riftri-linux-x64-gnu": {
      "resolved": "package/platforms/riftri-linux-x64-gnu",
      "link": true
    },
    "node_modules/riftri-win32-arm64": {
      "resolved": "package/platforms/riftri-win32-arm64",
      "link": true
    },
    "node_modules/riftri-win32-x64": {
      "resolved": "package/platforms/riftri-win32-x64",
      "link": true
    },
    "package/platforms/riftri-darwin-arm64": {
      "version": "0.1.0",
      "cpu": [
        "arm64"
      ],
      "license": "MIT",
      "optional": true,
      "os": [
        "darwin"
      ]
    },
    "package/platforms/riftri-darwin-x64": {
      "version": "0.1.0",
      "cpu": [
        "x64"
      ],
      "license": "MIT",
      "optional": true,
      "os": [
        "darwin"
      ]
    },
    "package/platforms/riftri-linux-arm64-gnu": {
      "version": "0.1.0",
      "cpu": [
        "arm64"
      ],
      "libc": [
        "glibc"
      ],
      "license": "MIT",
      "optional": true,
      "os": [
        "linux"
      ]
    },
    "package/platforms/riftri-linux-x64-gnu": {
      "version": "0.1.0",
      "cpu": [
        "x64"
      ],
      "libc": [
        "glibc"
      ],
      "license": "MIT",
      "optional": true,
      "os": [
        "linux"
      ]
    },
    "package/platforms/riftri-win32-arm64": {
      "version": "0.1.0",
      "cpu": [
        "arm64"
      ],
      "license": "MIT",
      "optional": true,
      "os": [
        "win32"
      ]
    },
    "package/platforms/riftri-win32-x64": {
      "version": "0.1.0",
      "cpu": [
        "x64"
      ],
      "license": "MIT",
      "optional": true,
      "os": [
        "win32"
      ]
    }
  }
}
