{
  "name": "riftri",
  "version": "0.1.0",
  "lockfileVersion": 3,
  "requires": true,
  "packages": {
    "": {
      "name": "riftri",
      "version": "0.1.0",
      "license": "MIT",
      "bin": {
        "riftri": "npm/bin/riftri.js"
      },
      "engines": {
        "node": ">=18.18"
      },
      "optionalDependencies": {
        "riftri-darwin-arm64": "0.1.0",
        "riftri-darwin-x64": "0.1.0",
        "riftri-linux-arm64-gnu": "0.1.0",
        "riftri-linux-x64-gnu": "0.1.0",
        "riftri-win32-arm64": "0.1.0",
        "riftri-win32-x64": "0.1.0"
      }
    }
  }
}
